// !$*UTF8*$!
{
	archiveVersion = 1;
	classes = {
	};
	objectVersion = 50;
	objects = {

/* Begin PBXBuildFile section */
		8D93D43026E3B2AB00D7C03E /* AppDelegate.swift in Sources */ = {isa = PBXBuildFile; fileRef = 8D93D42F26E3B2AB00D7C03E /* AppDelegate.swift */; };
		8D93D43226E3B2AB00D7C03E /* SceneDelegate.swift in Sources */ = {isa = PBXBuildFile; fileRef = 8D93D43126E3B2AB00D7C03E /* SceneDelegate.swift */; };
		8D93D43426E3B2AB00D7C03E /* ViewController.swift in Sources */ = {isa = PBXBuildFile; fileRef = 8D93D43326E3B2AB00D7C03E /* ViewController.swift */; };
		8D93D43726E3B2AB00D7C03E /* Main.storyboard in Resources */ = {isa = PBXBuildFile; fileRef = 8D93D43526E3B2AB00D7C03E /* Main.storyboard */; };
		8D93D43926E3B2AD00D7C03E /* Assets.xcassets in Resources */ = {isa = PBXBuildFile; fileRef = 8D93D43826E3B2AD00D7C03E /* Assets.xcassets */; };
		8D93D43C26E3B2AD00D7C03E /* LaunchScreen.storyboard in Resources */ = {isa = PBXBuildFile; fileRef = 8D93D43A26E3B2AD00D7C03E /* LaunchScreen.storyboard */; };
		8D93D44726E3B2AD00D7C03E /* MarvelTests.swift in Sources */ = {isa = PBXBuildFile; fileRef = 8D93D44626E3B2AD00D7C03E /* MarvelTests.swift */; };
		8D93D45226E3B2AD00D7C03E /* MarvelUITests.swift in Sources */ = {isa = PBXBuildFile; fileRef = 8D93D45126E3B2AD00D7C03E /* MarvelUITests.swift */; };
/* End PBXBuildFile section */

/* Begin PBXContainerItemProxy section */
		8D93D44326E3B2AD00D7C03E /* PBXContainerItemProxy */ = {
			isa = PBXContainerItemProxy;
			containerPortal = 8D93D42426E3B2AB00D7C03E /* Project object */;
			proxyType = 1;
			remoteGlobalIDString = 8D93D42B26E3B2AB00D7C03E;
			remoteInfo = Marvel;
		};
		8D93D44E26E3B2AD00D7C03E /* PBXContainerItemProxy */ = {
			isa = PBXContainerItemProxy;
			containerPortal = 8D93D42426E3B2AB00D7C03E /* Project object */;
			proxyType = 1;
			remoteGlobalIDString = 8D93D42B26E3B2AB00D7C03E;
			remoteInfo = Marvel;
		};
/* End PBXContainerItemProxy section */

/* Begin PBXFileReference section */
		8D93D42C26E3B2AB00D7C03E /* Marvel.app */ = {isa = PBXFileReference; explicitFileType = wrapper.application; includeInIndex = 0; path = Marvel.app; sourceTree = BUILT_PRODUCTS_DIR; };
		8D93D42F26E3B2AB00D7C03E /* AppDelegate.swift */ = {isa = PBXFileReference; lastKnownFileType = sourcecode.swift; path = AppDelegate.swift; sourceTree = "<group>"; };
		8D93D43126E3B2AB00D7C03E /* SceneDelegate.swift */ = {isa = PBXFileReference; lastKnownFileType = sourcecode.swift; path = SceneDelegate.swift; sourceTree = "<group>"; };
		8D93D43326E3B2AB00D7C03E /* ViewController.swift */ = {isa = PBXFileReference; lastKnownFileType = sourcecode.swift; path = ViewController.swift; sourceTree = "<group>"; };
		8D93D43626E3B2AB00D7C03E /* Base */ = {isa = PBXFileReference; lastKnownFileType = file.storyboard; name = Base; path = Base.lproj/Main.storyboard; sourceTree = "<group>"; };
		8D93D43826E3B2AD00D7C03E /* Assets.xcassets */ = {isa = PBXFileReference; lastKnownFileType = folder.assetcatalog; path = Assets.xcassets; sourceTree = "<group>"; };
		8D93D43B26E3B2AD00D7C03E /* Base */ = {isa = PBXFileReference; lastKnownFileType = file.storyboard; name = Base; path = Base.lproj/LaunchScreen.storyboard; sourceTree = "<group>"; };
		8D93D43D26E3B2AD00D7C03E /* Info.plist */ = {isa = PBXFileReference; lastKnownFileType = text.plist.xml; path = Info.plist; sourceTree = "<group>"; };
		8D93D44226E3B2AD00D7C03E /* MarvelTests.xctest */ = {isa = PBXFileReference; explicitFileType = wrapper.cfbundle; includeInIndex = 0; path = MarvelTests.xctest; sourceTree = BUILT_PRODUCTS_DIR; };
		8D93D44626E3B2AD00D7C03E /* MarvelTests.swift */ = {isa = PBXFileReference; lastKnownFileType = sourcecode.swift; path = MarvelTests.swift; sourceTree = "<group>"; };
		8D93D44826E3B2AD00D7C03E /* Info.plist */ = {isa = PBXFileReference; lastKnownFileType = text.plist.xml; path = Info.plist; sourceTree = "<group>"; };
		8D93D44D26E3B2AD00D7C03E /* MarvelUITests.xctest */ = {isa = PBXFileReference; explicitFileType = wrapper.cfbundle; includeInIndex = 0; path = MarvelUITests.xctest; sourceTree = BUILT_PRODUCTS_DIR; };
		8D93D45126E3B2AD00D7C03E /* MarvelUITests.swift */ = {isa = PBXFileReference; lastKnownFileType = sourcecode.swift; path = MarvelUITests.swift; sourceTree = "<group>"; };
		8D93D45326E3B2AD00D7C03E /* Info.plist */ = {isa = PBXFileReference; lastKnownFileType = text.plist.xml; path = Info.plist; sourceTree = "<group>"; };
/* End PBXFileReference section */

/* Begin PBXFrameworksBuildPhase section */
		8D93D42926E3B2AB00D7C03E /* Frameworks */ = {
			isa = PBXFrameworksBuildPhase;
			buildActionMask = 2147483647;
			files = (
			);
			runOnlyForDeploymentPostprocessing = 0;
		};
		8D93D43F26E3B2AD00D7C03E /* Frameworks */ = {
			isa = PBXFrameworksBuildPhase;
			buildActionMask = 2147483647;
			files = (
			);
			runOnlyForDeploymentPostprocessing = 0;
		};
		8D93D44A26E3B2AD00D7C03E /* Frameworks */ = {
			isa = PBXFrameworksBuildPhase;
			buildActionMask = 2147483647;
			files = (
			);
			runOnlyForDeploymentPostprocessing = 0;
		};
/* End PBXFrameworksBuildPhase section */

/* Begin PBXGroup section */
		8D93D42326E3B2AB00D7C03E = {
			isa = PBXGroup;
			children = (
				8D93D42E26E3B2AB00D7C03E /* Marvel */,
				8D93D44526E3B2AD00D7C03E /* MarvelTests */,
				8D93D45026E3B2AD00D7C03E /* MarvelUITests */,
				8D93D42D26E3B2AB00D7C03E /* Products */,
			);
			sourceTree = "<group>";
		};
		8D93D42D26E3B2AB00D7C03E /* Products */ = {
			isa = PBXGroup;
			children = (
				8D93D42C26E3B2AB00D7C03E /* Marvel.app */,
				8D93D44226E3B2AD00D7C03E /* MarvelTests.xctest */,
				8D93D44D26E3B2AD00D7C03E /* MarvelUITests.xctest */,
			);
			name = Products;
			sourceTree = "<group>";
		};
		8D93D42E26E3B2AB00D7C03E /* Marvel */ = {
			isa = PBXGroup;
			children = (
				8D93D42F26E3B2AB00D7C03E /* AppDelegate.swift */,
				8D93D43126E3B2AB00D7C03E /* SceneDelegate.swift */,
				8D93D43326E3B2AB00D7C03E /* ViewController.swift */,
				8D93D43526E3B2AB00D7C03E /* Main.storyboard */,
				8D93D43826E3B2AD00D7C03E /* Assets.xcassets */,
				8D93D43A26E3B2AD00D7C03E /* LaunchScreen.storyboard */,
				8D93D43D26E3B2AD00D7C03E /* Info.plist */,
			);
			path = Marvel;
			sourceTree = "<group>";
		};
		8D93D44526E3B2AD00D7C03E /* MarvelTests */ = {
			isa = PBXGroup;
			children = (
				8D93D44626E3B2AD00D7C03E /* MarvelTests.swift */,
				8D93D44826E3B2AD00D7C03E /* Info.plist */,
			);
			path = MarvelTests;
			sourceTree = "<group>";
		};
		8D93D45026E3B2AD00D7C03E /* MarvelUITests */ = {
			isa = PBXGroup;
			children = (
				8D93D45126E3B2AD00D7C03E /* MarvelUITests.swift */,
				8D93D45326E3B2AD00D7C03E /* Info.plist */,
			);
			path = MarvelUITests;
			sourceTree = "<group>";
		};
/* End PBXGroup section */

/* Begin PBXNativeTarget section */
		8D93D42B26E3B2AB00D7C03E /* Marvel */ = {
			isa = PBXNativeTarget;
			buildConfigurationList = 8D93D45626E3B2AD00D7C03E /* Build configuration list for PBXNativeTarget "Marvel" */;
			buildPhases = (
				8D93D42826E3B2AB00D7C03E /* Sources */,
				8D93D42926E3B2AB00D7C03E /* Frameworks */,
				8D93D42A26E3B2AB00D7C03E /* Resources */,
			);
			buildRules = (
			);
			dependencies = (
			);
			name = Marvel;
			productName = Marvel;
			productReference = 8D93D42C26E3B2AB00D7C03E /* Marvel.app */;
			productType = "com.apple.product-type.application";
		};
		8D93D44126E3B2AD00D7C03E /* MarvelTests */ = {
			isa = PBXNativeTarget;
			buildConfigurationList = 8D93D45926E3B2AD00D7C03E /* Build configuration list for PBXNativeTarget "MarvelTests" */;
			buildPhases = (
				8D93D43E26E3B2AD00D7C03E /* Sources */,
				8D93D43F26E3B2AD00D7C03E /* Frameworks */,
				8D93D44026E3B2AD00D7C03E /* Resources */,
			);
			buildRules = (
			);
			dependencies = (
				8D93D44426E3B2AD00D7C03E /* PBXTargetDependency */,
			);
			name = MarvelTests;
			productName = MarvelTests;
			productReference = 8D93D44226E3B2AD00D7C03E /* MarvelTests.xctest */;
			productType = "com.apple.product-type.bundle.unit-test";
		};
		8D93D44C26E3B2AD00D7C03E /* MarvelUITests */ = {
			isa = PBXNativeTarget;
			buildConfigurationList = 8D93D45C26E3B2AD00D7C03E /* Build configuration list for PBXNativeTarget "MarvelUITests" */;
			buildPhases = (
				8D93D44926E3B2AD00D7C03E /* Sources */,
				8D93D44A26E3B2AD00D7C03E /* Frameworks */,
				8D93D44B26E3B2AD00D7C03E /* Resources */,
			);
			buildRules = (
			);
			dependencies = (
				8D93D44F26E3B2AD00D7C03E /* PBXTargetDependency */,
			);
			name = MarvelUITests;
			productName = MarvelUITests;
			productReference = 8D93D44D26E3B2AD00D7C03E /* MarvelUITests.xctest */;
			productType = "com.apple.product-type.bundle.ui-testing";
		};
/* End PBXNativeTarget section */

/* Begin PBXProject section */
		8D93D42426E3B2AB00D7C03E /* Project object */ = {
			isa = PBXProject;
			attributes = {
				LastSwiftUpdateCheck = 1250;
				LastUpgradeCheck = 1250;
				TargetAttributes = {
					8D93D42B26E3B2AB00D7C03E = {
						CreatedOnToolsVersion = 12.5.1;
					};
					8D93D44126E3B2AD00D7C03E = {
						CreatedOnToolsVersion = 12.5.1;
						TestTargetID = 8D93D42B26E3B2AB00D7C03E;
					};
					8D93D44C26E3B2AD00D7C03E = {
						CreatedOnToolsVersion = 12.5.1;
						TestTargetID = 8D93D42B26E3B2AB00D7C03E;
					};
				};
			};
			buildConfigurationList = 8D93D42726E3B2AB00D7C03E /* Build configuration list for PBXProject "Marvel" */;
			compatibilityVersion = "Xcode 9.3";
			developmentRegion = en;
			hasScannedForEncodings = 0;
			knownRegions = (
				en,
				Base,
			);
			mainGroup = 8D93D42326E3B2AB00D7C03E;
			productRefGroup = 8D93D42D26E3B2AB00D7C03E /* Products */;
			projectDirPath = "";
			projectRoot = "";
			targets = (
				8D93D42B26E3B2AB00D7C03E /* Marvel */,
				8D93D44126E3B2AD00D7C03E /* MarvelTests */,
				8D93D44C26E3B2AD00D7C03E /* MarvelUITests */,
			);
		};
/* End PBXProject section */

/* Begin PBXResourcesBuildPhase section */
		8D93D42A26E3B2AB00D7C03E /* Resources */ = {
			isa = PBXResourcesBuildPhase;
			buildActionMask = 2147483647;
			files = (
				8D93D43C26E3B2AD00D7C03E /* LaunchScreen.storyboard in Resources */,
				8D93D43926E3B2AD00D7C03E /* Assets.xcassets in Resources */,
				8D93D43726E3B2AB00D7C03E /* Main.storyboard in Resources */,
			);
			runOnlyForDeploymentPostprocessing = 0;
		};
		8D93D44026E3B2AD00D7C03E /* Resources */ = {
			isa = PBXResourcesBuildPhase;
			buildActionMask = 2147483647;
			files = (
			);
			runOnlyForDeploymentPostprocessing = 0;
		};
		8D93D44B26E3B2AD00D7C03E /* Resources */ = {
			isa = PBXResourcesBuildPhase;
			buildActionMask = 2147483647;
			files = (
			);
			runOnlyForDeploymentPostprocessing = 0;
		};
/* End PBXResourcesBuildPhase section */

/* Begin PBXSourcesBuildPhase section */
		8D93D42826E3B2AB00D7C03E /* Sources */ = {
			isa = PBXSourcesBuildPhase;
			buildActionMask = 2147483647;
			files = (
				8D93D43426E3B2AB00D7C03E /* ViewController.swift in Sources */,
				8D93D43026E3B2AB00D7C03E /* AppDelegate.swift in Sources */,
				8D93D43226E3B2AB00D7C03E /* SceneDelegate.swift in Sources */,
			);
			runOnlyForDeploymentPostprocessing = 0;
		};
		8D93D43E26E3B2AD00D7C03E /* Sources */ = {
			isa = PBXSourcesBuildPhase;
			buildActionMask = 2147483647;
			files = (
				8D93D44726E3B2AD00D7C03E /* MarvelTests.swift in Sources */,
			);
			runOnlyForDeploymentPostprocessing = 0;
		};
		8D93D44926E3B2AD00D7C03E /* Sources */ = {
			isa = PBXSourcesBuildPhase;
			buildActionMask = 2147483647;
			files = (
				8D93D45226E3B2AD00D7C03E /* MarvelUITests.swift in Sources */,
			);
			runOnlyForDeploymentPostprocessing = 0;
		};
/* End PBXSourcesBuildPhase section */

/* Begin PBXTargetDependency section */
		8D93D44426E3B2AD00D7C03E /* PBXTargetDependency */ = {
			isa = PBXTargetDependency;
			target = 8D93D42B26E3B2AB00D7C03E /* Marvel */;
			targetProxy = 8D93D44326E3B2AD00D7C03E /* PBXContainerItemProxy */;
		};
		8D93D44F26E3B2AD00D7C03E /* PBXTargetDependency */ = {
			isa = PBXTargetDependency;
			target = 8D93D42B26E3B2AB00D7C03E /* Marvel */;
			targetProxy = 8D93D44E26E3B2AD00D7C03E /* PBXContainerItemProxy */;
		};
/* End PBXTargetDependency section */

/* Begin PBXVariantGroup section */
		8D93D43526E3B2AB00D7C03E /* Main.storyboard */ = {
			isa = PBXVariantGroup;
			children = (
				8D93D43626E3B2AB00D7C03E /* Base */,
			);
			name = Main.storyboard;
			sourceTree = "<group>";
		};
		8D93D43A26E3B2AD00D7C03E /* LaunchScreen.storyboard */ = {
			isa = PBXVariantGroup;
			children = (
				8D93D43B26E3B2AD00D7C03E /* Base */,
			);
			name = LaunchScreen.storyboard;
			sourceTree = "<group>";
		};
/* End PBXVariantGroup section */

/* Begin XCBuildConfiguration section */
		8D93D45426E3B2AD00D7C03E /* Debug */ = {
			isa = XCBuildConfiguration;
			buildSettings = {
				ALWAYS_SEARCH_USER_PATHS = NO;
				CLANG_ANALYZER_NONNULL = YES;
				CLANG_ANALYZER_NUMBER_OBJECT_CONVERSION = YES_AGGRESSIVE;
				CLANG_CXX_LANGUAGE_STANDARD = "gnu++14";
				CLANG_CXX_LIBRARY = "libc++";
				CLANG_ENABLE_MODULES = YES;
				CLANG_ENABLE_OBJC_ARC = YES;
				CLANG_ENABLE_OBJC_WEAK = YES;
				CLANG_WARN_BLOCK_CAPTURE_AUTORELEASING = YES;
				CLANG_WARN_BOOL_CONVERSION = YES;
				CLANG_WARN_COMMA = YES;
				CLANG_WARN_CONSTANT_CONVERSION = YES;
				CLANG_WARN_DEPRECATED_OBJC_IMPLEMENTATIONS = YES;
				CLANG_WARN_DIRECT_OBJC_ISA_USAGE = YES_ERROR;
				CLANG_WARN_DOCUMENTATION_COMMENTS = YES;
				CLANG_WARN_EMPTY_BODY = YES;
				CLANG_WARN_ENUM_CONVERSION = YES;
				CLANG_WARN_INFINITE_RECURSION = YES;
				CLANG_WARN_INT_CONVERSION = YES;
				CLANG_WARN_NON_LITERAL_NULL_CONVERSION = YES;
				CLANG_WARN_OBJC_IMPLICIT_RETAIN_SELF = YES;
				CLANG_WARN_OBJC_LITERAL_CONVERSION = YES;
				CLANG_WARN_OBJC_ROOT_CLASS = YES_ERROR;
				CLANG_WARN_QUOTED_INCLUDE_IN_FRAMEWORK_HEADER = YES;
				CLANG_WARN_RANGE_LOOP_ANALYSIS = YES;
				CLANG_WARN_STRICT_PROTOTYPES = YES;
				CLANG_WARN_SUSPICIOUS_MOVE = YES;
				CLANG_WARN_UNGUARDED_AVAILABILITY = YES_AGGRESSIVE;
				CLANG_WARN_UNREACHABLE_CODE = YES;
				CLANG_WARN__DUPLICATE_METHOD_MATCH = YES;
				COPY_PHASE_STRIP = NO;
				DEBUG_INFORMATION_FORMAT = dwarf;
				ENABLE_STRICT_OBJC_MSGSEND = YES;
				ENABLE_TESTABILITY = YES;
				GCC_C_LANGUAGE_STANDARD = gnu11;
				GCC_DYNAMIC_NO_PIC = NO;
				GCC_NO_COMMON_BLOCKS = YES;
				GCC_OPTIMIZATION_LEVEL = 0;
				GCC_PREPROCESSOR_DEFINITIONS = (
					"DEBUG=1",
					"$(inherited)",
				);
				GCC_WARN_64_TO_32_BIT_CONVERSION = YES;
				GCC_WARN_ABOUT_RETURN_TYPE = YES_ERROR;
				GCC_WARN_UNDECLARED_SELECTOR = YES;
				GCC_WARN_UNINITIALIZED_AUTOS = YES_AGGRESSIVE;
				GCC_WARN_UNUSED_FUNCTION = YES;
				GCC_WARN_UNUSED_VARIABLE = YES;
				IPHONEOS_DEPLOYMENT_TARGET = 14.5;
				MTL_ENABLE_DEBUG_INFO = INCLUDE_SOURCE;
				MTL_FAST_MATH = YES;
				ONLY_ACTIVE_ARCH = YES;
				SDKROOT = iphoneos;
				SWIFT_ACTIVE_COMPILATION_CONDITIONS = DEBUG;
				SWIFT_OPTIMIZATION_LEVEL = "-Onone";
			};
			name = Debug;
		};
		8D93D45526E3B2AD00D7C03E /* Release */ = {
			isa = XCBuildConfiguration;
			buildSettings = {
				ALWAYS_SEARCH_USER_PATHS = NO;
				CLANG_ANALYZER_NONNULL = YES;
				CLANG_ANALYZER_NUMBER_OBJECT_CONVERSION = YES_AGGRESSIVE;
				CLANG_CXX_LANGUAGE_STANDARD = "gnu++14";
				CLANG_CXX_LIBRARY = "libc++";
				CLANG_ENABLE_MODULES = YES;
				CLANG_ENABLE_OBJC_ARC = YES;
				CLANG_ENABLE_OBJC_WEAK = YES;
				CLANG_WARN_BLOCK_CAPTURE_AUTORELEASING = YES;
				CLANG_WARN_BOOL_CONVERSION = YES;
				CLANG_WARN_COMMA = YES;
				CLANG_WARN_CONSTANT_CONVERSION = YES;
				CLANG_WARN_DEPRECATED_OBJC_IMPLEMENTATIONS = YES;
				CLANG_WARN_DIRECT_OBJC_ISA_USAGE = YES_ERROR;
				CLANG_WARN_DOCUMENTATION_COMMENTS = YES;
				CLANG_WARN_EMPTY_BODY = YES;
				CLANG_WARN_ENUM_CONVERSION = YES;
				CLANG_WARN_INFINITE_RECURSION = YES;
				CLANG_WARN_INT_CONVERSION = YES;
				CLANG_WARN_NON_LITERAL_NULL_CONVERSION = YES;
				CLANG_WARN_OBJC_IMPLICIT_RETAIN_SELF = YES;
				CLANG_WARN_OBJC_LITERAL_CONVERSION = YES;
				CLANG_WARN_OBJC_ROOT_CLASS = YES_ERROR;
				CLANG_WARN_QUOTED_INCLUDE_IN_FRAMEWORK_HEADER = YES;
				CLANG_WARN_RANGE_LOOP_ANALYSIS = YES;
				CLANG_WARN_STRICT_PROTOTYPES = YES;
				CLANG_WARN_SUSPICIOUS_MOVE = YES;
				CLANG_WARN_UNGUARDED_AVAILABILITY = YES_AGGRESSIVE;
				CLANG_WARN_UNREACHABLE_CODE = YES;
				CLANG_WARN__DUPLICATE_METHOD_MATCH = YES;
				COPY_PHASE_STRIP = NO;
				DEBUG_INFORMATION_FORMAT = "dwarf-with-dsym";
				ENABLE_NS_ASSERTIONS = NO;
				ENABLE_STRICT_OBJC_MSGSEND = YES;
				GCC_C_LANGUAGE_STANDARD = gnu11;
				GCC_NO_COMMON_BLOCKS = YES;
				GCC_WARN_64_TO_32_BIT_CONVERSION = YES;
				GCC_WARN_ABOUT_RETURN_TYPE = YES_ERROR;
				GCC_WARN_UNDECLARED_SELECTOR = YES;
				GCC_WARN_UNINITIALIZED_AUTOS = YES_AGGRESSIVE;
				GCC_WARN_UNUSED_FUNCTION = YES;
				GCC_WARN_UNUSED_VARIABLE = YES;
				IPHONEOS_DEPLOYMENT_TARGET = 14.5;
				MTL_ENABLE_DEBUG_INFO = NO;
				MTL_FAST_MATH = YES;
				SDKROOT = iphoneos;
				SWIFT_COMPILATION_MODE = wholemodule;
				SWIFT_OPTIMIZATION_LEVEL = "-O";
				VALIDATE_PRODUCT = YES;
			};
			name = Release;
		};
		8D93D45726E3B2AD00D7C03E /* Debug */ = {
			isa = XCBuildConfiguration;
			buildSettings = {
				ASSETCATALOG_COMPILER_APPICON_NAME = AppIcon;
				ASSETCATALOG_COMPILER_GLOBAL_ACCENT_COLOR_NAME = AccentColor;
				CODE_SIGN_STYLE = Automatic;
				INFOPLIST_FILE = Marvel/Info.plist;
				LD_RUNPATH_SEARCH_PATHS = (
					"$(inherited)",
					"@executable_path/Frameworks",
				);
				PRODUCT_BUNDLE_IDENTIFIER = rave.Marvel;
				PRODUCT_NAME = "$(TARGET_NAME)";
				SWIFT_VERSION = 5.0;
				TARGETED_DEVICE_FAMILY = "1,2";
			};
			name = Debug;
		};
		8D93D45826E3B2AD00D7C03E /* Release */ = {
			isa = XCBuildConfiguration;
			buildSettings = {
				ASSETCATALOG_COMPILER_APPICON_NAME = AppIcon;
				ASSETCATALOG_COMPILER_GLOBAL_ACCENT_COLOR_NAME = AccentColor;
				CODE_SIGN_STYLE = Automatic;
				INFOPLIST_FILE = Marvel/Info.plist;
				LD_RUNPATH_SEARCH_PATHS = (
					"$(inherited)",
					"@executable_path/Frameworks",
				);
				PRODUCT_BUNDLE_IDENTIFIER = rave.Marvel;
				PRODUCT_NAME = "$(TARGET_NAME)";
				SWIFT_VERSION = 5.0;
				TARGETED_DEVICE_FAMILY = "1,2";
			};
			name = Release;
		};
		8D93D45A26E3B2AD00D7C03E /* Debug */ = {
			isa = XCBuildConfiguration;
			buildSettings = {
				ALWAYS_EMBED_SWIFT_STANDARD_LIBRARIES = YES;
				BUNDLE_LOADER = "$(TEST_HOST)";
				CODE_SIGN_STYLE = Automatic;
				INFOPLIST_FILE = MarvelTests/Info.plist;
				IPHONEOS_DEPLOYMENT_TARGET = 14.5;
				LD_RUNPATH_SEARCH_PATHS = (
					"$(inherited)",
					"@executable_path/Frameworks",
					"@loader_path/Frameworks",
				);
				PRODUCT_BUNDLE_IDENTIFIER = rave.MarvelTests;
				PRODUCT_NAME = "$(TARGET_NAME)";
				SWIFT_VERSION = 5.0;
				TARGETED_DEVICE_FAMILY = "1,2";
				TEST_HOST = "$(BUILT_PRODUCTS_DIR)/Marvel.app/Marvel";
			};
			name = Debug;
		};
		8D93D45B26E3B2AD00D7C03E /* Release */ = {
			isa = XCBuildConfiguration;
			buildSettings = {
				ALWAYS_EMBED_SWIFT_STANDARD_LIBRARIES = YES;
				BUNDLE_LOADER = "$(TEST_HOST)";
				CODE_SIGN_STYLE = Automatic;
				INFOPLIST_FILE = MarvelTests/Info.plist;
				IPHONEOS_DEPLOYMENT_TARGET = 14.5;
				LD_RUNPATH_SEARCH_PATHS = (
					"$(inherited)",
					"@executable_path/Frameworks",
					"@loader_path/Frameworks",
				);
				PRODUCT_BUNDLE_IDENTIFIER = rave.MarvelTests;
				PRODUCT_NAME = "$(TARGET_NAME)";
				SWIFT_VERSION = 5.0;
				TARGETED_DEVICE_FAMILY = "1,2";
				TEST_HOST = "$(BUILT_PRODUCTS_DIR)/Marvel.app/Marvel";
			};
			name = Release;
		};
		8D93D45D26E3B2AD00D7C03E /* Debug */ = {
			isa = XCBuildConfiguration;
			buildSettings = {
				ALWAYS_EMBED_SWIFT_STANDARD_LIBRARIES = YES;
				CODE_SIGN_STYLE = Automatic;
				INFOPLIST_FILE = MarvelUITests/Info.plist;
				LD_RUNPATH_SEARCH_PATHS = (
					"$(inherited)",
					"@executable_path/Frameworks",
					"@loader_path/Frameworks",
				);
				PRODUCT_BUNDLE_IDENTIFIER = rave.MarvelUITests;
				PRODUCT_NAME = "$(TARGET_NAME)";
				SWIFT_VERSION = 5.0;
				TARGETED_DEVICE_FAMILY = "1,2";
				TEST_TARGET_NAME = Marvel;
			};
			name = Debug;
		};
		8D93D45E26E3B2AD00D7C03E /* Release */ = {
			isa = XCBuildConfiguration;
			buildSettings = {
				ALWAYS_EMBED_SWIFT_STANDARD_LIBRARIES = YES;
				CODE_SIGN_STYLE = Automatic;
				INFOPLIST_FILE = MarvelUITests/Info.plist;
				LD_RUNPATH_SEARCH_PATHS = (
					"$(inherited)",
					"@executable_path/Frameworks",
					"@loader_path/Frameworks",
				);
				PRODUCT_BUNDLE_IDENTIFIER = rave.MarvelUITests;
				PRODUCT_NAME = "$(TARGET_NAME)";
				SWIFT_VERSION = 5.0;
				TARGETED_DEVICE_FAMILY = "1,2";
				TEST_TARGET_NAME = Marvel;
			};
			name = Release;
		};
/* End XCBuildConfiguration section */

/* Begin XCConfigurationList section */
		8D93D42726E3B2AB00D7C03E /* Build configuration list for PBXProject "Marvel" */ = {
			isa = XCConfigurationList;
			buildConfigurations = (
				8D93D45426E3B2AD00D7C03E /* Debug */,
				8D93D45526E3B2AD00D7C03E /* Release */,
			);
			defaultConfigurationIsVisible = 0;
			defaultConfigurationName = Release;
		};
		8D93D45626E3B2AD00D7C03E /* Build configuration list for PBXNativeTarget "Marvel" */ = {
			isa = XCConfigurationList;
			buildConfigurations = (
				8D93D45726E3B2AD00D7C03E /* Debug */,
				8D93D45826E3B2AD00D7C03E /* Release */,
			);
			defaultConfigurationIsVisible = 0;
			defaultConfigurationName = Release;
		};
		8D93D45926E3B2AD00D7C03E /* Build configuration list for PBXNativeTarget "MarvelTests" */ = {
			isa = XCConfigurationList;
			buildConfigurations = (
				8D93D45A26E3B2AD00D7C03E /* Debug */,
				8D93D45B26E3B2AD00D7C03E /* Release */,
			);
			defaultConfigurationIsVisible = 0;
			defaultConfigurationName = Release;
		};
		8D93D45C26E3B2AD00D7C03E /* Build configuration list for PBXNativeTarget "MarvelUITests" */ = {
			isa = XCConfigurationList;
			buildConfigurations = (
				8D93D45D26E3B2AD00D7C03E /* Debug */,
				8D93D45E26E3B2AD00D7C03E /* Release */,
			);
			defaultConfigurationIsVisible = 0;
			defaultConfigurationName = Release;
		};
/* End XCConfigurationList section */
	};
	rootObject = 8D93D42426E3B2AB00D7C03E /* Project object */;
}
